
Microsoft Visual Studio Solution File, Format Version 12.00
# Visual Studio 14
VisualStudioVersion = 14.0.24720.0
MinimumVisualStudioVersion = 10.0.40219.1
Project("{FAE04EC0-301F-11D3-BF4B-00C04F79EFBC}") = "AppCenterSample.Android", "AppCenterSample\AppCenterSample.Android\AppCenterSample.Android.csproj", "{B6E9C558-D45D-47E4-9AB7-C32260269C54}"
EndProject
Project("{FAE04EC0-301F-11D3-BF4B-00C04F79EFBC}") = "AppCenterSample", "AppCenterSample\AppCenterSample\AppCenterSample.csproj", "{ACB45416-AE43-4026-BF0D-9962CB468F80}"
EndProject
Project("{FAE04EC0-301F-11D3-BF4B-00C04F79EFBC}") = "AppCenterSample.iOS", "AppCenterSample\AppCenterSample.iOS\AppCenterSample.iOS.csproj", "{285FD218-971B-48F7-BEED-4D599977ED5D}"
EndProject
Global
	GlobalSection(SolutionConfigurationPlatforms) = preSolution
		Ad-Hoc|Any CPU = Ad-Hoc|Any CPU
		Ad-Hoc|iPhone = Ad-Hoc|iPhone
		Ad-Hoc|iPhoneSimulator = Ad-Hoc|iPhoneSimulator
		AppStore|Any CPU = AppStore|Any CPU
		AppStore|iPhone = AppStore|iPhone
		AppStore|iPhoneSimulator = AppStore|iPhoneSimulator
		Debug|Any CPU = Debug|Any CPU
		Debug|iPhone = Debug|iPhone
		Debug|iPhoneSimulator = Debug|iPhoneSimulator
		Release|Any CPU = Release|Any CPU
		Release|iPhone = Release|iPhone
		Release|iPhoneSimulator = Release|iPhoneSimulator
	EndGlobalSection
	GlobalSection(ProjectConfigurationPlatforms) = postSolution
		{B6E9C558-D45D-47E4-9AB7-C32260269C54}.Ad-Hoc|Any CPU.ActiveCfg = Release|Any CPU
		{B6E9C558-D45D-47E4-9AB7-C32260269C54}.Ad-Hoc|Any CPU.Build.0 = Release|Any CPU
		{B6E9C558-D45D-47E4-9AB7-C32260269C54}.Ad-Hoc|Any CPU.Deploy.0 = Release|Any CPU
		{B6E9C558-D45D-47E4-9AB7-C32260269C54}.Ad-Hoc|iPhone.ActiveCfg = Release|Any CPU
		{B6E9C558-D45D-47E4-9AB7-C32260269C54}.Ad-Hoc|iPhone.Build.0 = Release|Any CPU
		{B6E9C558-D45D-47E4-9AB7-C32260269C54}.Ad-Hoc|iPhone.Deploy.0 = Release|Any CPU
		{B6E9C558-D45D-47E4-9AB7-C32260269C54}.Ad-Hoc|iPhoneSimulator.ActiveCfg = Release|Any CPU
		{B6E9C558-D45D-47E4-9AB7-C32260269C54}.Ad-Hoc|iPhoneSimulator.Build.0 = Release|Any CPU
		{B6E9C558-D45D-47E4-9AB7-C32260269C54}.Ad-Hoc|iPhoneSimulator.Deploy.0 = Release|Any CPU
		{B6E9C558-D45D-47E4-9AB7-C32260269C54}.AppStore|Any CPU.ActiveCfg = Release|Any CPU
		{B6E9C558-D45D-47E4-9AB7-C32260269C54}.AppStore|Any CPU.Build.0 = Release|Any CPU
		{B6E9C558-D45D-47E4-9AB7-C32260269C54}.AppStore|Any CPU.Deploy.0 = Release|Any CPU
		{B6E9C558-D45D-47E4-9AB7-C32260269C54}.AppStore|iPhone.ActiveCfg = Release|Any CPU
		{B6E9C558-D45D-47E4-9AB7-C32260269C54}.AppStore|iPhone.Build.0 = Release|Any CPU
		{B6E9C558-D45D-47E4-9AB7-C32260269C54}.AppStore|iPhone.Deploy.0 = Release|Any CPU
		{B6E9C558-D45D-47E4-9AB7-C32260269C54}.AppStore|iPhoneSimulator.ActiveCfg = Release|Any CPU
		{B6E9C558-D45D-47E4-9AB7-C32260269C54}.AppStore|iPhoneSimulator.Build.0 = Release|Any CPU
		{B6E9C558-D45D-47E4-9AB7-C32260269C54}.AppStore|iPhoneSimulator.Deploy.0 = Release|Any CPU
		{B6E9C558-D45D-47E4-9AB7-C32260269C54}.Debug|Any CPU.ActiveCfg = Debug|Any CPU
		{B6E9C558-D45D-47E4-9AB7-C32260269C54}.Debug|Any CPU.Build.0 = Debug|Any CPU
		{B6E9C558-D45D-47E4-9AB7-C32260269C54}.Debug|Any CPU.Deploy.0 = Debug|Any CPU
		{B6E9C558-D45D-47E4-9AB7-C32260269C54}.Debug|iPhone.ActiveCfg = Debug|Any CPU
		{B6E9C558-D45D-47E4-9AB7-C32260269C54}.Debug|iPhone.Build.0 = Debug|Any CPU
		{B6E9C558-D45D-47E4-9AB7-C32260269C54}.Debug|iPhone.Deploy.0 = Debug|Any CPU
		{B6E9C558-D45D-47E4-9AB7-C32260269C54}.Debug|iPhoneSimulator.ActiveCfg = Debug|Any CPU
		{B6E9C558-D45D-47E4-9AB7-C32260269C54}.Debug|iPhoneSimulator.Build.0 = Debug|Any CPU
		{B6E9C558-D45D-47E4-9AB7-C32260269C54}.Debug|iPhoneSimulator.Deploy.0 = Debug|Any CPU
		{B6E9C558-D45D-47E4-9AB7-C32260269C54}.Release|Any CPU.ActiveCfg = Release|Any CPU
		{B6E9C558-D45D-47E4-9AB7-C32260269C54}.Release|Any CPU.Build.0 = Release|Any CPU
		{B6E9C558-D45D-47E4-9AB7-C32260269C54}.Release|Any CPU.Deploy.0 = Release|Any CPU
		{B6E9C558-D45D-47E4-9AB7-C32260269C54}.Release|iPhone.ActiveCfg = Release|Any CPU
		{B6E9C558-D45D-47E4-9AB7-C32260269C54}.Release|iPhone.Build.0 = Release|Any CPU
		{B6E9C558-D45D-47E4-9AB7-C32260269C54}.Release|iPhone.Deploy.0 = Release|Any CPU
		{B6E9C558-D45D-47E4-9AB7-C32260269C54}.Release|iPhoneSimulator.ActiveCfg = Release|Any CPU
		{B6E9C558-D45D-47E4-9AB7-C32260269C54}.Release|iPhoneSimulator.Build.0 = Release|Any CPU
		{B6E9C558-D45D-47E4-9AB7-C32260269C54}.Release|iPhoneSimulator.Deploy.0 = Release|Any CPU
		{ACB45416-AE43-4026-BF0D-9962CB468F80}.Ad-Hoc|Any CPU.ActiveCfg = Release|Any CPU
		{ACB45416-AE43-4026-BF0D-9962CB468F80}.Ad-Hoc|Any CPU.Build.0 = Release|Any CPU
		{ACB45416-AE43-4026-BF0D-9962CB468F80}.Ad-Hoc|Any CPU.Deploy.0 = Release|Any CPU
		{ACB45416-AE43-4026-BF0D-9962CB468F80}.Ad-Hoc|iPhone.ActiveCfg = Release|Any CPU
		{ACB45416-AE43-4026-BF0D-9962CB468F80}.Ad-Hoc|iPhone.Build.0 = Release|Any CPU
		{ACB45416-AE43-4026-BF0D-9962CB468F80}.Ad-Hoc|iPhone.Deploy.0 = Release|Any CPU
		{ACB45416-AE43-4026-BF0D-9962CB468F80}.Ad-Hoc|iPhoneSimulator.ActiveCfg = Release|Any CPU
		{ACB45416-AE43-4026-BF0D-9962CB468F80}.Ad-Hoc|iPhoneSimulator.Build.0 = Release|Any CPU
		{ACB45416-AE43-4026-BF0D-9962CB468F80}.Ad-Hoc|iPhoneSimulator.Deploy.0 = Release|Any CPU
		{ACB45416-AE43-4026-BF0D-9962CB468F80}.AppStore|Any CPU.ActiveCfg = Release|Any CPU
		{ACB45416-AE43-4026-BF0D-9962CB468F80}.AppStore|Any CPU.Build.0 = Release|Any CPU
		{ACB45416-AE43-4026-BF0D-9962CB468F80}.AppStore|Any CPU.Deploy.0 = Release|Any CPU
		{ACB45416-AE43-4026-BF0D-9962CB468F80}.AppStore|iPhone.ActiveCfg = Release|Any CPU
		{ACB45416-AE43-4026-BF0D-9962CB468F80}.AppStore|iPhone.Build.0 = Release|Any CPU
		{ACB45416-AE43-4026-BF0D-9962CB468F80}.AppStore|iPhone.Deploy.0 = Release|Any CPU
		{ACB45416-AE43-4026-BF0D-9962CB468F80}.AppStore|iPhoneSimulator.ActiveCfg = Release|Any CPU
		{ACB45416-AE43-4026-BF0D-9962CB468F80}.AppStore|iPhoneSimulator.Build.0 = Release|Any CPU
		{ACB45416-AE43-4026-BF0D-9962CB468F80}.AppStore|iPhoneSimulator.Deploy.0 = Release|Any CPU
		{ACB45416-AE43-4026-BF0D-9962CB468F80}.Debug|Any CPU.ActiveCfg = Debug|Any CPU
		{ACB45416-AE43-4026-BF0D-9962CB468F80}.Debug|Any CPU.Build.0 = Debug|Any CPU
		{ACB45416-AE43-4026-BF0D-9962CB468F80}.Debug|Any CPU.Deploy.0 = Debug|Any CPU
		{ACB45416-AE43-4026-BF0D-9962CB468F80}.Debug|iPhone.ActiveCfg = Debug|Any CPU
		{ACB45416-AE43-4026-BF0D-9962CB468F80}.Debug|iPhone.Build.0 = Debug|Any CPU
		{ACB45416-AE43-4026-BF0D-9962CB468F80}.Debug|iPhone.Deploy.0 = Debug|Any CPU
		{ACB45416-AE43-4026-BF0D-9962CB468F80}.Debug|iPhoneSimulator.ActiveCfg = Debug|Any CPU
		{ACB45416-AE43-4026-BF0D-9962CB468F80}.Debug|iPhoneSimulator.Build.0 = Debug|Any CPU
		{ACB45416-AE43-4026-BF0D-9962CB468F80}.Debug|iPhoneSimulator.Deploy.0 = Debug|Any CPU
		{ACB45416-AE43-4026-BF0D-9962CB468F80}.Release|Any CPU.ActiveCfg = Release|Any CPU
		{ACB45416-AE43-4026-BF0D-9962CB468F80}.Release|Any CPU.Build.0 = Release|Any CPU
		{ACB45416-AE43-4026-BF0D-9962CB468F80}.Release|Any CPU.Deploy.0 = Release|Any CPU
		{ACB45416-AE43-4026-BF0D-9962CB468F80}.Release|iPhone.ActiveCfg = Release|Any CPU
		{ACB45416-AE43-4026-BF0D-9962CB468F80}.Release|iPhone.Build.0 = Release|Any CPU
		{ACB45416-AE43-4026-BF0D-9962CB468F80}.Release|iPhone.Deploy.0 = Release|Any CPU
		{ACB45416-AE43-4026-BF0D-9962CB468F80}.Release|iPhoneSimulator.ActiveCfg = Release|Any CPU
		{ACB45416-AE43-4026-BF0D-9962CB468F80}.Release|iPhoneSimulator.Build.0 = Release|Any CPU
		{ACB45416-AE43-4026-BF0D-9962CB468F80}.Release|iPhoneSimulator.Deploy.0 = Release|Any CPU
		{285FD218-971B-48F7-BEED-4D599977ED5D}.Ad-Hoc|Any CPU.ActiveCfg = Ad-Hoc|iPhone
		{285FD218-971B-48F7-BEED-4D599977ED5D}.Ad-Hoc|Any CPU.Build.0 = Ad-Hoc|iPhone
		{285FD218-971B-48F7-BEED-4D599977ED5D}.Ad-Hoc|Any CPU.Deploy.0 = Ad-Hoc|iPhone
		{285FD218-971B-48F7-BEED-4D599977ED5D}.Ad-Hoc|iPhone.ActiveCfg = Ad-Hoc|iPhone
		{285FD218-971B-48F7-BEED-4D599977ED5D}.Ad-Hoc|iPhone.Build.0 = Ad-Hoc|iPhone
		{285FD218-971B-48F7-BEED-4D599977ED5D}.Ad-Hoc|iPhone.Deploy.0 = Ad-Hoc|iPhone
		{285FD218-971B-48F7-BEED-4D599977ED5D}.Ad-Hoc|iPhoneSimulator.ActiveCfg = Ad-Hoc|iPhoneSimulator
		{285FD218-971B-48F7-BEED-4D599977ED5D}.Ad-Hoc|iPhoneSimulator.Build.0 = Ad-Hoc|iPhoneSimulator
		{285FD218-971B-48F7-BEED-4D599977ED5D}.Ad-Hoc|iPhoneSimulator.Deploy.0 = Ad-Hoc|iPhoneSimulator
		{285FD218-971B-48F7-BEED-4D599977ED5D}.AppStore|Any CPU.ActiveCfg = AppStore|iPhone
		{285FD218-971B-48F7-BEED-4D599977ED5D}.AppStore|Any CPU.Build.0 = AppStore|iPhone
		{285FD218-971B-48F7-BEED-4D599977ED5D}.AppStore|Any CPU.Deploy.0 = AppStore|iPhone
		{285FD218-971B-48F7-BEED-4D599977ED5D}.AppStore|iPhone.ActiveCfg = AppStore|iPhone
		{285FD218-971B-48F7-BEED-4D599977ED5D}.AppStore|iPhone.Build.0 = AppStore|iPhone
		{285FD218-971B-48F7-BEED-4D599977ED5D}.AppStore|iPhone.Deploy.0 = AppStore|iPhone
		{285FD218-971B-48F7-BEED-4D599977ED5D}.AppStore|iPhoneSimulator.ActiveCfg = AppStore|iPhoneSimulator
		{285FD218-971B-48F7-BEED-4D599977ED5D}.AppStore|iPhoneSimulator.Build.0 = AppStore|iPhoneSimulator
		{285FD218-971B-48F7-BEED-4D599977ED5D}.AppStore|iPhoneSimulator.Deploy.0 = AppStore|iPhoneSimulator
		{285FD218-971B-48F7-BEED-4D599977ED5D}.Debug|Any CPU.ActiveCfg = Debug|iPhoneSimulator
		{285FD218-971B-48F7-BEED-4D599977ED5D}.Debug|Any CPU.Build.0 = Debug|iPhoneSimulator
		{285FD218-971B-48F7-BEED-4D599977ED5D}.Debug|Any CPU.Deploy.0 = Debug|iPhoneSimulator
		{285FD218-971B-48F7-BEED-4D599977ED5D}.Debug|iPhone.ActiveCfg = Debug|iPhone
		{285FD218-971B-48F7-BEED-4D599977ED5D}.Debug|iPhone.Build.0 = Debug|iPhone
		{285FD218-971B-48F7-BEED-4D599977ED5D}.Debug|iPhone.Deploy.0 = Debug|iPhone
		{285FD218-971B-48F7-BEED-4D599977ED5D}.Debug|iPhoneSimulator.ActiveCfg = Debug|iPhoneSimulator
		{285FD218-971B-48F7-BEED-4D599977ED5D}.Debug|iPhoneSimulator.Build.0 = Debug|iPhoneSimulator
		{285FD218-971B-48F7-BEED-4D599977ED5D}.Debug|iPhoneSimulator.Deploy.0 = Debug|iPhoneSimulator
		{285FD218-971B-48F7-BEED-4D599977ED5D}.Release|Any CPU.ActiveCfg = Release|iPhone
		{285FD218-971B-48F7-BEED-4D599977ED5D}.Release|Any CPU.Build.0 = Release|iPhone
		{285FD218-971B-48F7-BEED-4D599977ED5D}.Release|Any CPU.Deploy.0 = Release|iPhone
		{285FD218-971B-48F7-BEED-4D599977ED5D}.Release|iPhone.ActiveCfg = Release|iPhone
		{285FD218-971B-48F7-BEED-4D599977ED5D}.Release|iPhone.Build.0 = Release|iPhone
		{285FD218-971B-48F7-BEED-4D599977ED5D}.Release|iPhone.Deploy.0 = Release|iPhone
		{285FD218-971B-48F7-BEED-4D599977ED5D}.Release|iPhoneSimulator.ActiveCfg = Release|iPhoneSimulator
		{285FD218-971B-48F7-BEED-4D599977ED5D}.Release|iPhoneSimulator.Build.0 = Release|iPhoneSimulator
		{285FD218-971B-48F7-BEED-4D599977ED5D}.Release|iPhoneSimulator.Deploy.0 = Release|iPhoneSimulator
	EndGlobalSection
	GlobalSection(SolutionProperties) = preSolution
		HideSolutionNode = FALSE
	EndGlobalSection
EndGlobal
